lockfileVersion: '9.0'

settings:
  autoInstallPeers: true
  excludeLinksFromLockfile: false

importers:

  .:
    dependencies:
      typescript:
        specifier: ^5.5.4
        version: 5.6.2
    devDependencies:
      '@types/node':
        specifier: ^20.16.7
        version: 20.16.7

packages:

  '@types/node@20.16.7':
    resolution: {integrity: sha512-QkDQjAY3gkvJNcZOWwzy3BN34RweT0OQ9zJyvLCU0kSK22dO2QYh/NHGfbEAYylPYzRB1/iXcojS79wOg5gFSw==}

  typescript@5.6.2:
    resolution: {integrity: sha512-NW8ByodCSNCwZeghjN3o+JX5OFH0Ojg6sadjEKY4huZ52TqbJTJnDo5+Tw98lSy63NZvi4n+ez5m2u5d4PkZyw==}
    engines: {node: '>=14.17'}
    hasBin: true

  undici-types@6.19.8:
    resolution: {integrity: sha512-ve2KP6f/JnbPBFyobGHuerC9g1FYGn/F8n1LWTwNxCEzd6IfqTwUQcNXgEtmmQ6DlRrC1hrSrBnCZPokRrDHjw==}

snapshots:

  '@types/node@20.16.7':
    dependencies:
      undici-types: 6.19.8

  typescript@5.6.2: {}

  undici-types@6.19.8: {}
